{
  "pins" : [
    {
      "identity" : "launchatlogin-modern",
      "kind" : "remoteSourceControl",
      "location" : "https://github.com/yeahitsjan/LaunchAtLogin-Modern",
      "state" : {
        "revision" : "a04ec1c363be3627734f6dad757d82f5d4fa8fcc"
      }
    },
    {
      "identity" : "maccontrolcenterui",
      "kind" : "remoteSourceControl",
      "location" : "https://github.com/yeahitsjan/MacControlCenterUI",
      "state" : {
        "revision" : "a98dc47a61116b126092839cf1617274f5c603dc"
      }
    },
    {
      "identity" : "menubarextraaccess",
      "kind" : "remoteSourceControl",
      "location" : "https://github.com/orchetect/MenuBarExtraAccess",
      "state" : {
        "revision" : "707dff6f55217b3ef5b6be84ced3e83511d4df5c",
        "version" : "1.2.2"
      }
    },
    {
      "identity" : "settingsaccess",
      "kind" : "remoteSourceControl",
      "location" : "https://github.com/orchetect/SettingsAccess",
      "state" : {
        "revision" : "0fd73c8b5892e88acb13adb7f36a4ba9293a0061",
        "version" : "1.4.0"
      }
    }
  ],
  "version" : 2
}
